{
  "name": "controlV1",
  "lockfileVersion": 2,
  "requires": true,
  "packages": {
    "": {
      "dependencies": {
        "vue-bold-text": "^1.0.1"
      }
    },
    "node_modules/vue-bold-text": {
      "version": "1.0.1",
      "resolved": "https://registry.npmjs.org/vue-bold-text/-/vue-bold-text-1.0.1.tgz",
      "integrity": "sha512-dFGfeYIHTLaTspmv0OwgUxGh5+1YkbLBEGCOJKl/RTnCI5p0wGmMbaRGQOGzPPCVGYNTvB0sMUH+2hglTfianw=="
    }
  },
  "dependencies": {
    "vue-bold-text": {
      "version": "1.0.1",
      "resolved": "https://registry.npmjs.org/vue-bold-text/-/vue-bold-text-1.0.1.tgz",
      "integrity": "sha512-dFGfeYIHTLaTspmv0OwgUxGh5+1YkbLBEGCOJKl/RTnCI5p0wGmMbaRGQOGzPPCVGYNTvB0sMUH+2hglTfianw=="
    }
  }
}
